
Microsoft Visual Studio Solution File, Format Version 12.00
# Visual Studio Version 16
VisualStudioVersion = 16.0.28803.202
MinimumVisualStudioVersion = 10.0.40219.1
Project("{FAE04EC0-301F-11D3-BF4B-00C04F79EFBC}") = "ConvertMilesToKilometers", "ConvertMilesToKilometers.csproj", "{CC6F5D62-8F0F-4D06-8E3E-5D7CEC94D167}"
EndProject
Global
	GlobalSection(SolutionConfigurationPlatforms) = preSolution
		Debug|Any CPU = Debug|Any CPU
		Release|Any CPU = Release|Any CPU
	EndGlobalSection
	GlobalSection(ProjectConfigurationPlatforms) = postSolution
		{CC6F5D62-8F0F-4D06-8E3E-5D7CEC94D167}.Debug|Any CPU.ActiveCfg = Debug|Any CPU
		{CC6F5D62-8F0F-4D06-8E3E-5D7CEC94D167}.Debug|Any CPU.Build.0 = Debug|Any CPU
		{CC6F5D62-8F0F-4D06-8E3E-5D7CEC94D167}.Release|Any CPU.ActiveCfg = Release|Any CPU
		{CC6F5D62-8F0F-4D06-8E3E-5D7CEC94D167}.Release|Any CPU.Build.0 = Release|Any CPU
	EndGlobalSection
	GlobalSection(SolutionProperties) = preSolution
		HideSolutionNode = FALSE
	EndGlobalSection
	GlobalSection(ExtensibilityGlobals) = postSolution
		SolutionGuid = {7FC85E98-F5A9-4C98-9D58-47F1D6D1AD9E}
	EndGlobalSection
EndGlobal
